// !$*UTF8*$!
{
	archiveVersion = 1;
	classes = {
	};
	objectVersion = 46;
	objects = {

/* Begin PBXBuildFile section */
		04A752B31AD2F3C6001C959F /* AppDelegate.swift in Sources */ = {isa = PBXBuildFile; fileRef = 04A752B21AD2F3C6001C959F /* AppDelegate.swift */; };
		04A752B51AD2F3C6001C959F /* ViewController.swift in Sources */ = {isa = PBXBuildFile; fileRef = 04A752B41AD2F3C6001C959F /* ViewController.swift */; };
		04A752B81AD2F3C6001C959F /* Main.storyboard in Resources */ = {isa = PBXBuildFile; fileRef = 04A752B61AD2F3C6001C959F /* Main.storyboard */; };
		04A752BA1AD2F3C6001C959F /* Images.xcassets in Resources */ = {isa = PBXBuildFile; fileRef = 04A752B91AD2F3C6001C959F /* Images.xcassets */; };
		04A752BD1AD2F3C6001C959F /* LaunchScreen.xib in Resources */ = {isa = PBXBuildFile; fileRef = 04A752BB1AD2F3C6001C959F /* LaunchScreen.xib */; };
		04A752C91AD2F3C6001C959F /* CollectionViewAnimationTests.swift in Sources */ = {isa = PBXBuildFile; fileRef = 04A752C81AD2F3C6001C959F /* CollectionViewAnimationTests.swift */; };
/* End PBXBuildFile section */

/* Begin PBXContainerItemProxy section */
		04A752C31AD2F3C6001C959F /* PBXContainerItemProxy */ = {
			isa = PBXContainerItemProxy;
			containerPortal = 04A752A51AD2F3C6001C959F /* Project object */;
			proxyType = 1;
			remoteGlobalIDString = 04A752AC1AD2F3C6001C959F;
			remoteInfo = CollectionViewAnimation;
		};
/* End PBXContainerItemProxy section */

/* Begin PBXFileReference section */
		04A752AD1AD2F3C6001C959F /* CollectionViewAnimation.app */ = {isa = PBXFileReference; explicitFileType = wrapper.application; includeInIndex = 0; path = CollectionViewAnimation.app; sourceTree = BUILT_PRODUCTS_DIR; };
		04A752B11AD2F3C6001C959F /* Info.plist */ = {isa = PBXFileReference; lastKnownFileType = text.plist.xml; path = Info.plist; sourceTree = "<group>"; };
		04A752B21AD2F3C6001C959F /* AppDelegate.swift */ = {isa = PBXFileReference; lastKnownFileType = sourcecode.swift; path = AppDelegate.swift; sourceTree = "<group>"; };
		04A752B41AD2F3C6001C959F /* ViewController.swift */ = {isa = PBXFileReference; lastKnownFileType = sourcecode.swift; path = ViewController.swift; sourceTree = "<group>"; };
		04A752B71AD2F3C6001C959F /* Base */ = {isa = PBXFileReference; lastKnownFileType = file.storyboard; name = Base; path = Base.lproj/Main.storyboard; sourceTree = "<group>"; };
		04A752B91AD2F3C6001C959F /* Images.xcassets */ = {isa = PBXFileReference; lastKnownFileType = folder.assetcatalog; path = Images.xcassets; sourceTree = "<group>"; };
		04A752BC1AD2F3C6001C959F /* Base */ = {isa = PBXFileReference; lastKnownFileType = file.xib; name = Base; path = Base.lproj/LaunchScreen.xib; sourceTree = "<group>"; };
		04A752C21AD2F3C6001C959F /* CollectionViewAnimationTests.xctest */ = {isa = PBXFileReference; explicitFileType = wrapper.cfbundle; includeInIndex = 0; path = CollectionViewAnimationTests.xctest; sourceTree = BUILT_PRODUCTS_DIR; };
		04A752C71AD2F3C6001C959F /* Info.plist */ = {isa = PBXFileReference; lastKnownFileType = text.plist.xml; path = Info.plist; sourceTree = "<group>"; };
		04A752C81AD2F3C6001C959F /* CollectionViewAnimationTests.swift */ = {isa = PBXFileReference; lastKnownFileType = sourcecode.swift; path = CollectionViewAnimationTests.swift; sourceTree = "<group>"; };
/* End PBXFileReference section */

/* Begin PBXFrameworksBuildPhase section */
		04A752AA1AD2F3C6001C959F /* Frameworks */ = {
			isa = PBXFrameworksBuildPhase;
			buildActionMask = 2147483647;
			files = (
			);
			runOnlyForDeploymentPostprocessing = 0;
		};
		04A752BF1AD2F3C6001C959F /* Frameworks */ = {
			isa = PBXFrameworksBuildPhase;
			buildActionMask = 2147483647;
			files = (
			);
			runOnlyForDeploymentPostprocessing = 0;
		};
/* End PBXFrameworksBuildPhase section */

/* Begin PBXGroup section */
		04A752A41AD2F3C6001C959F = {
			isa = PBXGroup;
			children = (
				04A752AF1AD2F3C6001C959F /* CollectionViewAnimation */,
				04A752C51AD2F3C6001C959F /* CollectionViewAnimationTests */,
				04A752AE1AD2F3C6001C959F /* Products */,
			);
			sourceTree = "<group>";
		};
		04A752AE1AD2F3C6001C959F /* Products */ = {
			isa = PBXGroup;
			children = (
				04A752AD1AD2F3C6001C959F /* CollectionViewAnimation.app */,
				04A752C21AD2F3C6001C959F /* CollectionViewAnimationTests.xctest */,
			);
			name = Products;
			sourceTree = "<group>";
		};
		04A752AF1AD2F3C6001C959F /* CollectionViewAnimation */ = {
			isa = PBXGroup;
			children = (
				04A752B21AD2F3C6001C959F /* AppDelegate.swift */,
				04A752B41AD2F3C6001C959F /* ViewController.swift */,
				04A752B61AD2F3C6001C959F /* Main.storyboard */,
				04A752B91AD2F3C6001C959F /* Images.xcassets */,
				04A752BB1AD2F3C6001C959F /* LaunchScreen.xib */,
				04A752B01AD2F3C6001C959F /* Supporting Files */,
			);
			path = CollectionViewAnimation;
			sourceTree = "<group>";
		};
		04A752B01AD2F3C6001C959F /* Supporting Files */ = {
			isa = PBXGroup;
			children = (
				04A752B11AD2F3C6001C959F /* Info.plist */,
			);
			name = "Supporting Files";
			sourceTree = "<group>";
		};
		04A752C51AD2F3C6001C959F /* CollectionViewAnimationTests */ = {
			isa = PBXGroup;
			children = (
				04A752C81AD2F3C6001C959F /* CollectionViewAnimationTests.swift */,
				04A752C61AD2F3C6001C959F /* Supporting Files */,
			);
			path = CollectionViewAnimationTests;
			sourceTree = "<group>";
		};
		04A752C61AD2F3C6001C959F /* Supporting Files */ = {
			isa = PBXGroup;
			children = (
				04A752C71AD2F3C6001C959F /* Info.plist */,
			);
			name = "Supporting Files";
			sourceTree = "<group>";
		};
/* End PBXGroup section */

/* Begin PBXNativeTarget section */
		04A752AC1AD2F3C6001C959F /* CollectionViewAnimation */ = {
			isa = PBXNativeTarget;
			buildConfigurationList = 04A752CC1AD2F3C6001C959F /* Build configuration list for PBXNativeTarget "CollectionViewAnimation" */;
			buildPhases = (
				04A752A91AD2F3C6001C959F /* Sources */,
				04A752AA1AD2F3C6001C959F /* Frameworks */,
				04A752AB1AD2F3C6001C959F /* Resources */,
			);
			buildRules = (
			);
			dependencies = (
			);
			name = CollectionViewAnimation;
			productName = CollectionViewAnimation;
			productReference = 04A752AD1AD2F3C6001C959F /* CollectionViewAnimation.app */;
			productType = "com.apple.product-type.application";
		};
		04A752C11AD2F3C6001C959F /* CollectionViewAnimationTests */ = {
			isa = PBXNativeTarget;
			buildConfigurationList = 04A752CF1AD2F3C6001C959F /* Build configuration list for PBXNativeTarget "CollectionViewAnimationTests" */;
			buildPhases = (
				04A752BE1AD2F3C6001C959F /* Sources */,
				04A752BF1AD2F3C6001C959F /* Frameworks */,
				04A752C01AD2F3C6001C959F /* Resources */,
			);
			buildRules = (
			);
			dependencies = (
				04A752C41AD2F3C6001C959F /* PBXTargetDependency */,
			);
			name = CollectionViewAnimationTests;
			productName = CollectionViewAnimationTests;
			productReference = 04A752C21AD2F3C6001C959F /* CollectionViewAnimationTests.xctest */;
			productType = "com.apple.product-type.bundle.unit-test";
		};
/* End PBXNativeTarget section */

/* Begin PBXProject section */
		04A752A51AD2F3C6001C959F /* Project object */ = {
			isa = PBXProject;
			attributes = {
				LastUpgradeCheck = 0610;
				ORGANIZATIONNAME = "Mohamed Said";
				TargetAttributes = {
					04A752AC1AD2F3C6001C959F = {
						CreatedOnToolsVersion = 6.1.1;
					};
					04A752C11AD2F3C6001C959F = {
						CreatedOnToolsVersion = 6.1.1;
						TestTargetID = 04A752AC1AD2F3C6001C959F;
					};
				};
			};
			buildConfigurationList = 04A752A81AD2F3C6001C959F /* Build configuration list for PBXProject "CollectionViewAnimation" */;
			compatibilityVersion = "Xcode 3.2";
			developmentRegion = English;
			hasScannedForEncodings = 0;
			knownRegions = (
				en,
				Base,
			);
			mainGroup = 04A752A41AD2F3C6001C959F;
			productRefGroup = 04A752AE1AD2F3C6001C959F /* Products */;
			projectDirPath = "";
			projectRoot = "";
			targets = (
				04A752AC1AD2F3C6001C959F /* CollectionViewAnimation */,
				04A752C11AD2F3C6001C959F /* CollectionViewAnimationTests */,
			);
		};
/* End PBXProject section */

/* Begin PBXResourcesBuildPhase section */
		04A752AB1AD2F3C6001C959F /* Resources */ = {
			isa = PBXResourcesBuildPhase;
			buildActionMask = 2147483647;
			files = (
				04A752B81AD2F3C6001C959F /* Main.storyboard in Resources */,
				04A752BD1AD2F3C6001C959F /* LaunchScreen.xib in Resources */,
				04A752BA1AD2F3C6001C959F /* Images.xcassets in Resources */,
			);
			runOnlyForDeploymentPostprocessing = 0;
		};
		04A752C01AD2F3C6001C959F /* Resources */ = {
			isa = PBXResourcesBuildPhase;
			buildActionMask = 2147483647;
			files = (
			);
			runOnlyForDeploymentPostprocessing = 0;
		};
/* End PBXResourcesBuildPhase section */

/* Begin PBXSourcesBuildPhase section */
		04A752A91AD2F3C6001C959F /* Sources */ = {
			isa = PBXSourcesBuildPhase;
			buildActionMask = 2147483647;
			files = (
				04A752B51AD2F3C6001C959F /* ViewController.swift in Sources */,
				04A752B31AD2F3C6001C959F /* AppDelegate.swift in Sources */,
			);
			runOnlyForDeploymentPostprocessing = 0;
		};
		04A752BE1AD2F3C6001C959F /* Sources */ = {
			isa = PBXSourcesBuildPhase;
			buildActionMask = 2147483647;
			files = (
				04A752C91AD2F3C6001C959F /* CollectionViewAnimationTests.swift in Sources */,
			);
			runOnlyForDeploymentPostprocessing = 0;
		};
/* End PBXSourcesBuildPhase section */

/* Begin PBXTargetDependency section */
		04A752C41AD2F3C6001C959F /* PBXTargetDependency */ = {
			isa = PBXTargetDependency;
			target = 04A752AC1AD2F3C6001C959F /* CollectionViewAnimation */;
			targetProxy = 04A752C31AD2F3C6001C959F /* PBXContainerItemProxy */;
		};
/* End PBXTargetDependency section */

/* Begin PBXVariantGroup section */
		04A752B61AD2F3C6001C959F /* Main.storyboard */ = {
			isa = PBXVariantGroup;
			children = (
				04A752B71AD2F3C6001C959F /* Base */,
			);
			name = Main.storyboard;
			sourceTree = "<group>";
		};
		04A752BB1AD2F3C6001C959F /* LaunchScreen.xib */ = {
			isa = PBXVariantGroup;
			children = (
				04A752BC1AD2F3C6001C959F /* Base */,
			);
			name = LaunchScreen.xib;
			sourceTree = "<group>";
		};
/* End PBXVariantGroup section */

/* Begin XCBuildConfiguration section */
		04A752CA1AD2F3C6001C959F /* Debug */ = {
			isa = XCBuildConfiguration;
			buildSettings = {
				ALWAYS_SEARCH_USER_PATHS = NO;
				CLANG_CXX_LANGUAGE_STANDARD = "gnu++0x";
				CLANG_CXX_LIBRARY = "libc++";
				CLANG_ENABLE_MODULES = YES;
				CLANG_ENABLE_OBJC_ARC = YES;
				CLANG_WARN_BOOL_CONVERSION = YES;
				CLANG_WARN_CONSTANT_CONVERSION = YES;
				CLANG_WARN_DIRECT_OBJC_ISA_USAGE = YES_ERROR;
				CLANG_WARN_EMPTY_BODY = YES;
				CLANG_WARN_ENUM_CONVERSION = YES;
				CLANG_WARN_INT_CONVERSION = YES;
				CLANG_WARN_OBJC_ROOT_CLASS = YES_ERROR;
				CLANG_WARN_UNREACHABLE_CODE = YES;
				CLANG_WARN__DUPLICATE_METHOD_MATCH = YES;
				"CODE_SIGN_IDENTITY[sdk=iphoneos*]" = "iPhone Developer";
				COPY_PHASE_STRIP = NO;
				ENABLE_STRICT_OBJC_MSGSEND = YES;
				GCC_C_LANGUAGE_STANDARD = gnu99;
				GCC_DYNAMIC_NO_PIC = NO;
				GCC_OPTIMIZATION_LEVEL = 0;
				GCC_PREPROCESSOR_DEFINITIONS = (
					"DEBUG=1",
					"$(inherited)",
				);
				GCC_SYMBOLS_PRIVATE_EXTERN = NO;
				GCC_WARN_64_TO_32_BIT_CONVERSION = YES;
				GCC_WARN_ABOUT_RETURN_TYPE = YES_ERROR;
				GCC_WARN_UNDECLARED_SELECTOR = YES;
				GCC_WARN_UNINITIALIZED_AUTOS = YES_AGGRESSIVE;
				GCC_WARN_UNUSED_FUNCTION = YES;
				GCC_WARN_UNUSED_VARIABLE = YES;
				IPHONEOS_DEPLOYMENT_TARGET = 8.1;
				MTL_ENABLE_DEBUG_INFO = YES;
				ONLY_ACTIVE_ARCH = YES;
				SDKROOT = iphoneos;
				SWIFT_OPTIMIZATION_LEVEL = "-Onone";
			};
			name = Debug;
		};
		04A752CB1AD2F3C6001C959F /* Release */ = {
			isa = XCBuildConfiguration;
			buildSettings = {
				ALWAYS_SEARCH_USER_PATHS = NO;
				CLANG_CXX_LANGUAGE_STANDARD = "gnu++0x";
				CLANG_CXX_LIBRARY = "libc++";
				CLANG_ENABLE_MODULES = YES;
				CLANG_ENABLE_OBJC_ARC = YES;
				CLANG_WARN_BOOL_CONVERSION = YES;
				CLANG_WARN_CONSTANT_CONVERSION = YES;
				CLANG_WARN_DIRECT_OBJC_ISA_USAGE = YES_ERROR;
				CLANG_WARN_EMPTY_BODY = YES;
				CLANG_WARN_ENUM_CONVERSION = YES;
				CLANG_WARN_INT_CONVERSION = YES;
				CLANG_WARN_OBJC_ROOT_CLASS = YES_ERROR;
				CLANG_WARN_UNREACHABLE_CODE = YES;
				CLANG_WARN__DUPLICATE_METHOD_MATCH = YES;
				"CODE_SIGN_IDENTITY[sdk=iphoneos*]" = "iPhone Developer";
				COPY_PHASE_STRIP = YES;
				ENABLE_NS_ASSERTIONS = NO;
				ENABLE_STRICT_OBJC_MSGSEND = YES;
				GCC_C_LANGUAGE_STANDARD = gnu99;
				GCC_WARN_64_TO_32_BIT_CONVERSION = YES;
				GCC_WARN_ABOUT_RETURN_TYPE = YES_ERROR;
				GCC_WARN_UNDECLARED_SELECTOR = YES;
				GCC_WARN_UNINITIALIZED_AUTOS = YES_AGGRESSIVE;
				GCC_WARN_UNUSED_FUNCTION = YES;
				GCC_WARN_UNUSED_VARIABLE = YES;
				IPHONEOS_DEPLOYMENT_TARGET = 8.1;
				MTL_ENABLE_DEBUG_INFO = NO;
				SDKROOT = iphoneos;
				VALIDATE_PRODUCT = YES;
			};
			name = Release;
		};
		04A752CD1AD2F3C6001C959F /* Debug */ = {
			isa = XCBuildConfiguration;
			buildSettings = {
				ASSETCATALOG_COMPILER_APPICON_NAME = AppIcon;
				INFOPLIST_FILE = CollectionViewAnimation/Info.plist;
				LD_RUNPATH_SEARCH_PATHS = "$(inherited) @executable_path/Frameworks";
				PRODUCT_NAME = "$(TARGET_NAME)";
			};
			name = Debug;
		};
		04A752CE1AD2F3C6001C959F /* Release */ = {
			isa = XCBuildConfiguration;
			buildSettings = {
				ASSETCATALOG_COMPILER_APPICON_NAME = AppIcon;
				INFOPLIST_FILE = CollectionViewAnimation/Info.plist;
				LD_RUNPATH_SEARCH_PATHS = "$(inherited) @executable_path/Frameworks";
				PRODUCT_NAME = "$(TARGET_NAME)";
			};
			name = Release;
		};
		04A752D01AD2F3C6001C959F /* Debug */ = {
			isa = XCBuildConfiguration;
			buildSettings = {
				BUNDLE_LOADER = "$(TEST_HOST)";
				FRAMEWORK_SEARCH_PATHS = (
					"$(SDKROOT)/Developer/Library/Frameworks",
					"$(inherited)",
				);
				GCC_PREPROCESSOR_DEFINITIONS = (
					"DEBUG=1",
					"$(inherited)",
				);
				INFOPLIST_FILE = CollectionViewAnimationTests/Info.plist;
				LD_RUNPATH_SEARCH_PATHS = "$(inherited) @executable_path/Frameworks @loader_path/Frameworks";
				PRODUCT_NAME = "$(TARGET_NAME)";
				TEST_HOST = "$(BUILT_PRODUCTS_DIR)/CollectionViewAnimation.app/CollectionViewAnimation";
			};
			name = Debug;
		};
		04A752D11AD2F3C6001C959F /* Release */ = {
			isa = XCBuildConfiguration;
			buildSettings = {
				BUNDLE_LOADER = "$(TEST_HOST)";
				FRAMEWORK_SEARCH_PATHS = (
					"$(SDKROOT)/Developer/Library/Frameworks",
					"$(inherited)",
				);
				INFOPLIST_FILE = CollectionViewAnimationTests/Info.plist;
				LD_RUNPATH_SEARCH_PATHS = "$(inherited) @executable_path/Frameworks @loader_path/Frameworks";
				PRODUCT_NAME = "$(TARGET_NAME)";
				TEST_HOST = "$(BUILT_PRODUCTS_DIR)/CollectionViewAnimation.app/CollectionViewAnimation";
			};
			name = Release;
		};
/* End XCBuildConfiguration section */

/* Begin XCConfigurationList section */
		04A752A81AD2F3C6001C959F /* Build configuration list for PBXProject "CollectionViewAnimation" */ = {
			isa = XCConfigurationList;
			buildConfigurations = (
				04A752CA1AD2F3C6001C959F /* Debug */,
				04A752CB1AD2F3C6001C959F /* Release */,
			);
			defaultConfigurationIsVisible = 0;
			defaultConfigurationName = Release;
		};
		04A752CC1AD2F3C6001C959F /* Build configuration list for PBXNativeTarget "CollectionViewAnimation" */ = {
			isa = XCConfigurationList;
			buildConfigurations = (
				04A752CD1AD2F3C6001C959F /* Debug */,
				04A752CE1AD2F3C6001C959F /* Release */,
			);
			defaultConfigurationIsVisible = 0;
		};
		04A752CF1AD2F3C6001C959F /* Build configuration list for PBXNativeTarget "CollectionViewAnimationTests" */ = {
			isa = XCConfigurationList;
			buildConfigurations = (
				04A752D01AD2F3C6001C959F /* Debug */,
				04A752D11AD2F3C6001C959F /* Release */,
			);
			defaultConfigurationIsVisible = 0;
		};
/* End XCConfigurationList section */
	};
	rootObject = 04A752A51AD2F3C6001C959F /* Project object */;
}
